
Microsoft Visual Studio Solution File, Format Version 12.00
# Visual Studio 15
VisualStudioVersion = 15.0.26730.15
MinimumVisualStudioVersion = 10.0.40219.1
Project("{FAE04EC0-301F-11D3-BF4B-00C04F79EFBC}") = "HalloJan3", "HalloJan3\HalloJan3.csproj", "{B43073FD-6394-4ED9-AEE8-FAEDFBEB34E8}"
EndProject
Global
	GlobalSection(SolutionConfigurationPlatforms) = preSolution
		Debug|Any CPU = Debug|Any CPU
		Release|Any CPU = Release|Any CPU
	EndGlobalSection
	GlobalSection(ProjectConfigurationPlatforms) = postSolution
		{B43073FD-6394-4ED9-AEE8-FAEDFBEB34E8}.Debug|Any CPU.ActiveCfg = Debug|Any CPU
		{B43073FD-6394-4ED9-AEE8-FAEDFBEB34E8}.Debug|Any CPU.Build.0 = Debug|Any CPU
		{B43073FD-6394-4ED9-AEE8-FAEDFBEB34E8}.Release|Any CPU.ActiveCfg = Release|Any CPU
		{B43073FD-6394-4ED9-AEE8-FAEDFBEB34E8}.Release|Any CPU.Build.0 = Release|Any CPU
	EndGlobalSection
	GlobalSection(SolutionProperties) = preSolution
		HideSolutionNode = FALSE
	EndGlobalSection
	GlobalSection(ExtensibilityGlobals) = postSolution
		SolutionGuid = {3E1E2896-3AF1-4DA4-996D-C7C8A95ADC23}
	EndGlobalSection
EndGlobal
